
Microsoft Visual Studio Solution File, Format Version 12.00
# Visual Studio Version 17
VisualStudioVersion = 17.0.31903.59
MinimumVisualStudioVersion = 10.0.40219.1
Project("{2150E333-8FDC-42A3-9474-1A3956D46DE8}") = "Src", "Src", "{827E0CD3-B72D-47B6-A68D-7590B98EB39B}"
EndProject
Project("{FAE04EC0-301F-11D3-BF4B-00C04F79EFBC}") = "ToeicBackend.API", "Src\ToeicBackend.API\ToeicBackend.API.csproj", "{36719E52-A035-46EF-97DD-ED37101851FD}"
EndProject
Project("{FAE04EC0-301F-11D3-BF4B-00C04F79EFBC}") = "ToeicBackend.Application", "Src\ToeicBackend.Application\ToeicBackend.Application.csproj", "{B55BE923-B798-40AC-9466-15BD1B2B9557}"
EndProject
Project("{FAE04EC0-301F-11D3-BF4B-00C04F79EFBC}") = "ToeicBackend.Domain", "Src\ToeicBackend.Domain\ToeicBackend.Domain.csproj", "{8DD72FC9-C775-4BC6-A895-16A6B6829564}"
EndProject
Project("{FAE04EC0-301F-11D3-BF4B-00C04F79EFBC}") = "ToeicBackend.Infrastructure", "Src\ToeicBackend.Infrastructure\ToeicBackend.Infrastructure.csproj", "{7C34AD0D-E3F1-4464-8A2D-FD5CECF3F58A}"
EndProject
Project("{2150E333-8FDC-42A3-9474-1A3956D46DE8}") = "Tests", "Tests", "{0AB3BF05-4346-4AA6-1389-037BE0695223}"
EndProject
Project("{FAE04EC0-301F-11D3-BF4B-00C04F79EFBC}") = "ToeicBackend.Tests", "Tests\ToeicBackend.Tests\ToeicBackend.Tests.csproj", "{BFF66981-564A-4BFD-AEBA-81BE53F64AAE}"
EndProject
Global
	GlobalSection(SolutionConfigurationPlatforms) = preSolution
		Debug|Any CPU = Debug|Any CPU
		Debug|x64 = Debug|x64
		Debug|x86 = Debug|x86
		Release|Any CPU = Release|Any CPU
		Release|x64 = Release|x64
		Release|x86 = Release|x86
	EndGlobalSection
	GlobalSection(ProjectConfigurationPlatforms) = postSolution
		{36719E52-A035-46EF-97DD-ED37101851FD}.Debug|Any CPU.ActiveCfg = Debug|Any CPU
		{36719E52-A035-46EF-97DD-ED37101851FD}.Debug|Any CPU.Build.0 = Debug|Any CPU
		{36719E52-A035-46EF-97DD-ED37101851FD}.Debug|x64.ActiveCfg = Debug|Any CPU
		{36719E52-A035-46EF-97DD-ED37101851FD}.Debug|x64.Build.0 = Debug|Any CPU
		{36719E52-A035-46EF-97DD-ED37101851FD}.Debug|x86.ActiveCfg = Debug|Any CPU
		{36719E52-A035-46EF-97DD-ED37101851FD}.Debug|x86.Build.0 = Debug|Any CPU
		{36719E52-A035-46EF-97DD-ED37101851FD}.Release|Any CPU.ActiveCfg = Release|Any CPU
		{36719E52-A035-46EF-97DD-ED37101851FD}.Release|Any CPU.Build.0 = Release|Any CPU
		{36719E52-A035-46EF-97DD-ED37101851FD}.Release|x64.ActiveCfg = Release|Any CPU
		{36719E52-A035-46EF-97DD-ED37101851FD}.Release|x64.Build.0 = Release|Any CPU
		{36719E52-A035-46EF-97DD-ED37101851FD}.Release|x86.ActiveCfg = Release|Any CPU
		{36719E52-A035-46EF-97DD-ED37101851FD}.Release|x86.Build.0 = Release|Any CPU
		{B55BE923-B798-40AC-9466-15BD1B2B9557}.Debug|Any CPU.ActiveCfg = Debug|Any CPU
		{B55BE923-B798-40AC-9466-15BD1B2B9557}.Debug|Any CPU.Build.0 = Debug|Any CPU
		{B55BE923-B798-40AC-9466-15BD1B2B9557}.Debug|x64.ActiveCfg = Debug|Any CPU
		{B55BE923-B798-40AC-9466-15BD1B2B9557}.Debug|x64.Build.0 = Debug|Any CPU
		{B55BE923-B798-40AC-9466-15BD1B2B9557}.Debug|x86.ActiveCfg = Debug|Any CPU
		{B55BE923-B798-40AC-9466-15BD1B2B9557}.Debug|x86.Build.0 = Debug|Any CPU
		{B55BE923-B798-40AC-9466-15BD1B2B9557}.Release|Any CPU.ActiveCfg = Release|Any CPU
		{B55BE923-B798-40AC-9466-15BD1B2B9557}.Release|Any CPU.Build.0 = Release|Any CPU
		{B55BE923-B798-40AC-9466-15BD1B2B9557}.Release|x64.ActiveCfg = Release|Any CPU
		{B55BE923-B798-40AC-9466-15BD1B2B9557}.Release|x64.Build.0 = Release|Any CPU
		{B55BE923-B798-40AC-9466-15BD1B2B9557}.Release|x86.ActiveCfg = Release|Any CPU
		{B55BE923-B798-40AC-9466-15BD1B2B9557}.Release|x86.Build.0 = Release|Any CPU
		{8DD72FC9-C775-4BC6-A895-16A6B6829564}.Debug|Any CPU.ActiveCfg = Debug|Any CPU
		{8DD72FC9-C775-4BC6-A895-16A6B6829564}.Debug|Any CPU.Build.0 = Debug|Any CPU
		{8DD72FC9-C775-4BC6-A895-16A6B6829564}.Debug|x64.ActiveCfg = Debug|Any CPU
		{8DD72FC9-C775-4BC6-A895-16A6B6829564}.Debug|x64.Build.0 = Debug|Any CPU
		{8DD72FC9-C775-4BC6-A895-16A6B6829564}.Debug|x86.ActiveCfg = Debug|Any CPU
		{8DD72FC9-C775-4BC6-A895-16A6B6829564}.Debug|x86.Build.0 = Debug|Any CPU
		{8DD72FC9-C775-4BC6-A895-16A6B6829564}.Release|Any CPU.ActiveCfg = Release|Any CPU
		{8DD72FC9-C775-4BC6-A895-16A6B6829564}.Release|Any CPU.Build.0 = Release|Any CPU
		{8DD72FC9-C775-4BC6-A895-16A6B6829564}.Release|x64.ActiveCfg = Release|Any CPU
		{8DD72FC9-C775-4BC6-A895-16A6B6829564}.Release|x64.Build.0 = Release|Any CPU
		{8DD72FC9-C775-4BC6-A895-16A6B6829564}.Release|x86.ActiveCfg = Release|Any CPU
		{8DD72FC9-C775-4BC6-A895-16A6B6829564}.Release|x86.Build.0 = Release|Any CPU
		{7C34AD0D-E3F1-4464-8A2D-FD5CECF3F58A}.Debug|Any CPU.ActiveCfg = Debug|Any CPU
		{7C34AD0D-E3F1-4464-8A2D-FD5CECF3F58A}.Debug|Any CPU.Build.0 = Debug|Any CPU
		{7C34AD0D-E3F1-4464-8A2D-FD5CECF3F58A}.Debug|x64.ActiveCfg = Debug|Any CPU
		{7C34AD0D-E3F1-4464-8A2D-FD5CECF3F58A}.Debug|x64.Build.0 = Debug|Any CPU
		{7C34AD0D-E3F1-4464-8A2D-FD5CECF3F58A}.Debug|x86.ActiveCfg = Debug|Any CPU
		{7C34AD0D-E3F1-4464-8A2D-FD5CECF3F58A}.Debug|x86.Build.0 = Debug|Any CPU
		{7C34AD0D-E3F1-4464-8A2D-FD5CECF3F58A}.Release|Any CPU.ActiveCfg = Release|Any CPU
		{7C34AD0D-E3F1-4464-8A2D-FD5CECF3F58A}.Release|Any CPU.Build.0 = Release|Any CPU
		{7C34AD0D-E3F1-4464-8A2D-FD5CECF3F58A}.Release|x64.ActiveCfg = Release|Any CPU
		{7C34AD0D-E3F1-4464-8A2D-FD5CECF3F58A}.Release|x64.Build.0 = Release|Any CPU
		{7C34AD0D-E3F1-4464-8A2D-FD5CECF3F58A}.Release|x86.ActiveCfg = Release|Any CPU
		{7C34AD0D-E3F1-4464-8A2D-FD5CECF3F58A}.Release|x86.Build.0 = Release|Any CPU
		{BFF66981-564A-4BFD-AEBA-81BE53F64AAE}.Debug|Any CPU.ActiveCfg = Debug|Any CPU
		{BFF66981-564A-4BFD-AEBA-81BE53F64AAE}.Debug|Any CPU.Build.0 = Debug|Any CPU
		{BFF66981-564A-4BFD-AEBA-81BE53F64AAE}.Debug|x64.ActiveCfg = Debug|Any CPU
		{BFF66981-564A-4BFD-AEBA-81BE53F64AAE}.Debug|x64.Build.0 = Debug|Any CPU
		{BFF66981-564A-4BFD-AEBA-81BE53F64AAE}.Debug|x86.ActiveCfg = Debug|Any CPU
		{BFF66981-564A-4BFD-AEBA-81BE53F64AAE}.Debug|x86.Build.0 = Debug|Any CPU
		{BFF66981-564A-4BFD-AEBA-81BE53F64AAE}.Release|Any CPU.ActiveCfg = Release|Any CPU
		{BFF66981-564A-4BFD-AEBA-81BE53F64AAE}.Release|Any CPU.Build.0 = Release|Any CPU
		{BFF66981-564A-4BFD-AEBA-81BE53F64AAE}.Release|x64.ActiveCfg = Release|Any CPU
		{BFF66981-564A-4BFD-AEBA-81BE53F64AAE}.Release|x64.Build.0 = Release|Any CPU
		{BFF66981-564A-4BFD-AEBA-81BE53F64AAE}.Release|x86.ActiveCfg = Release|Any CPU
		{BFF66981-564A-4BFD-AEBA-81BE53F64AAE}.Release|x86.Build.0 = Release|Any CPU
	EndGlobalSection
	GlobalSection(SolutionProperties) = preSolution
		HideSolutionNode = FALSE
	EndGlobalSection
	GlobalSection(NestedProjects) = preSolution
		{36719E52-A035-46EF-97DD-ED37101851FD} = {827E0CD3-B72D-47B6-A68D-7590B98EB39B}
		{B55BE923-B798-40AC-9466-15BD1B2B9557} = {827E0CD3-B72D-47B6-A68D-7590B98EB39B}
		{8DD72FC9-C775-4BC6-A895-16A6B6829564} = {827E0CD3-B72D-47B6-A68D-7590B98EB39B}
		{7C34AD0D-E3F1-4464-8A2D-FD5CECF3F58A} = {827E0CD3-B72D-47B6-A68D-7590B98EB39B}
		{BFF66981-564A-4BFD-AEBA-81BE53F64AAE} = {0AB3BF05-4346-4AA6-1389-037BE0695223}
	EndGlobalSection
EndGlobal
